
Microsoft Visual Studio Solution File, Format Version 12.00
# Visual Studio Version 16
VisualStudioVersion = 16.0.30128.74
MinimumVisualStudioVersion = 10.0.40219.1
Project("{9A19103F-16F7-4668-BE54-9A1E7A4F7556}") = "Password Reset", "Password Reset.csproj", "{96FD4AB7-4537-4B67-AD93-FD3CEC21B858}"
EndProject
Project("{9A19103F-16F7-4668-BE54-9A1E7A4F7556}") = "Fancy Barcodes", "..\Fancy Barcodes\Fancy Barcodes.csproj", "{7345224F-37B4-46F8-AD1C-AEC203E6790F}"
EndProject
Project("{9A19103F-16F7-4668-BE54-9A1E7A4F7556}") = "Test", "..\Test\Test.csproj", "{3AA39F78-D639-46DE-9A63-012205AB5507}"
EndProject
Project("{9A19103F-16F7-4668-BE54-9A1E7A4F7556}") = "Heroes of Code and Logic", "..\Heroes of Code and Logic\Heroes of Code and Logic.csproj", "{2553C82E-ED59-4D55-B535-FBE777FD2AF6}"
EndProject
Project("{FAE04EC0-301F-11D3-BF4B-00C04F79EFBC}") = "Problem", "..\..\Exams\Problem\Problem.csproj", "{B39A2244-4795-4453-9E18-E09F24AB9C09}"
EndProject
Project("{FAE04EC0-301F-11D3-BF4B-00C04F79EFBC}") = "Problem 2", "..\Problem 2\Problem 2.csproj", "{A551215F-F450-42CD-A025-264D97BB09A2}"
EndProject
Project("{FAE04EC0-301F-11D3-BF4B-00C04F79EFBC}") = "Problem 3", "..\Problem 3\Problem 3.csproj", "{1138D445-B94D-4529-BEAB-BDBF84195912}"
EndProject
Global
	GlobalSection(SolutionConfigurationPlatforms) = preSolution
		Debug|Any CPU = Debug|Any CPU
		Release|Any CPU = Release|Any CPU
	EndGlobalSection
	GlobalSection(ProjectConfigurationPlatforms) = postSolution
		{96FD4AB7-4537-4B67-AD93-FD3CEC21B858}.Debug|Any CPU.ActiveCfg = Debug|Any CPU
		{96FD4AB7-4537-4B67-AD93-FD3CEC21B858}.Debug|Any CPU.Build.0 = Debug|Any CPU
		{96FD4AB7-4537-4B67-AD93-FD3CEC21B858}.Release|Any CPU.ActiveCfg = Release|Any CPU
		{96FD4AB7-4537-4B67-AD93-FD3CEC21B858}.Release|Any CPU.Build.0 = Release|Any CPU
		{7345224F-37B4-46F8-AD1C-AEC203E6790F}.Debug|Any CPU.ActiveCfg = Debug|Any CPU
		{7345224F-37B4-46F8-AD1C-AEC203E6790F}.Debug|Any CPU.Build.0 = Debug|Any CPU
		{7345224F-37B4-46F8-AD1C-AEC203E6790F}.Release|Any CPU.ActiveCfg = Release|Any CPU
		{7345224F-37B4-46F8-AD1C-AEC203E6790F}.Release|Any CPU.Build.0 = Release|Any CPU
		{3AA39F78-D639-46DE-9A63-012205AB5507}.Debug|Any CPU.ActiveCfg = Debug|Any CPU
		{3AA39F78-D639-46DE-9A63-012205AB5507}.Debug|Any CPU.Build.0 = Debug|Any CPU
		{3AA39F78-D639-46DE-9A63-012205AB5507}.Release|Any CPU.ActiveCfg = Release|Any CPU
		{3AA39F78-D639-46DE-9A63-012205AB5507}.Release|Any CPU.Build.0 = Release|Any CPU
		{2553C82E-ED59-4D55-B535-FBE777FD2AF6}.Debug|Any CPU.ActiveCfg = Debug|Any CPU
		{2553C82E-ED59-4D55-B535-FBE777FD2AF6}.Debug|Any CPU.Build.0 = Debug|Any CPU
		{2553C82E-ED59-4D55-B535-FBE777FD2AF6}.Release|Any CPU.ActiveCfg = Release|Any CPU
		{2553C82E-ED59-4D55-B535-FBE777FD2AF6}.Release|Any CPU.Build.0 = Release|Any CPU
		{B39A2244-4795-4453-9E18-E09F24AB9C09}.Debug|Any CPU.ActiveCfg = Debug|Any CPU
		{B39A2244-4795-4453-9E18-E09F24AB9C09}.Debug|Any CPU.Build.0 = Debug|Any CPU
		{B39A2244-4795-4453-9E18-E09F24AB9C09}.Release|Any CPU.ActiveCfg = Release|Any CPU
		{B39A2244-4795-4453-9E18-E09F24AB9C09}.Release|Any CPU.Build.0 = Release|Any CPU
		{A551215F-F450-42CD-A025-264D97BB09A2}.Debug|Any CPU.ActiveCfg = Debug|Any CPU
		{A551215F-F450-42CD-A025-264D97BB09A2}.Debug|Any CPU.Build.0 = Debug|Any CPU
		{A551215F-F450-42CD-A025-264D97BB09A2}.Release|Any CPU.ActiveCfg = Release|Any CPU
		{A551215F-F450-42CD-A025-264D97BB09A2}.Release|Any CPU.Build.0 = Release|Any CPU
		{1138D445-B94D-4529-BEAB-BDBF84195912}.Debug|Any CPU.ActiveCfg = Debug|Any CPU
		{1138D445-B94D-4529-BEAB-BDBF84195912}.Debug|Any CPU.Build.0 = Debug|Any CPU
		{1138D445-B94D-4529-BEAB-BDBF84195912}.Release|Any CPU.ActiveCfg = Release|Any CPU
		{1138D445-B94D-4529-BEAB-BDBF84195912}.Release|Any CPU.Build.0 = Release|Any CPU
	EndGlobalSection
	GlobalSection(SolutionProperties) = preSolution
		HideSolutionNode = FALSE
	EndGlobalSection
	GlobalSection(ExtensibilityGlobals) = postSolution
		SolutionGuid = {8DB4BACF-44B5-40D3-9DE0-FCF33F5D400B}
	EndGlobalSection
EndGlobal
