
Microsoft Visual Studio Solution File, Format Version 12.00
# Visual Studio Version 16
VisualStudioVersion = 16.0.30128.74
MinimumVisualStudioVersion = 10.0.40219.1
Project("{FAE04EC0-301F-11D3-BF4B-00C04F79EFBC}") = "Palindrome Integers", "Palindrome Integers.csproj", "{C7F1E273-FD67-4B4E-9577-6D4211D9D67D}"
EndProject
Project("{FAE04EC0-301F-11D3-BF4B-00C04F79EFBC}") = "TopNumber", "..\TopNumber\TopNumber.csproj", "{579D9410-538D-4A5D-8D59-BF46603E8B13}"
EndProject
Project("{FAE04EC0-301F-11D3-BF4B-00C04F79EFBC}") = "ForeachLoop", "..\..\Data Type And Variables\ForeachLoop\ForeachLoop.csproj", "{6D3DA8F3-22AD-4E3E-AC8D-5AD362A58C72}"
EndProject
Global
	GlobalSection(SolutionConfigurationPlatforms) = preSolution
		Debug|Any CPU = Debug|Any CPU
		Release|Any CPU = Release|Any CPU
	EndGlobalSection
	GlobalSection(ProjectConfigurationPlatforms) = postSolution
		{C7F1E273-FD67-4B4E-9577-6D4211D9D67D}.Debug|Any CPU.ActiveCfg = Debug|Any CPU
		{C7F1E273-FD67-4B4E-9577-6D4211D9D67D}.Debug|Any CPU.Build.0 = Debug|Any CPU
		{C7F1E273-FD67-4B4E-9577-6D4211D9D67D}.Release|Any CPU.ActiveCfg = Release|Any CPU
		{C7F1E273-FD67-4B4E-9577-6D4211D9D67D}.Release|Any CPU.Build.0 = Release|Any CPU
		{579D9410-538D-4A5D-8D59-BF46603E8B13}.Debug|Any CPU.ActiveCfg = Debug|Any CPU
		{579D9410-538D-4A5D-8D59-BF46603E8B13}.Debug|Any CPU.Build.0 = Debug|Any CPU
		{579D9410-538D-4A5D-8D59-BF46603E8B13}.Release|Any CPU.ActiveCfg = Release|Any CPU
		{579D9410-538D-4A5D-8D59-BF46603E8B13}.Release|Any CPU.Build.0 = Release|Any CPU
		{6D3DA8F3-22AD-4E3E-AC8D-5AD362A58C72}.Debug|Any CPU.ActiveCfg = Debug|Any CPU
		{6D3DA8F3-22AD-4E3E-AC8D-5AD362A58C72}.Debug|Any CPU.Build.0 = Debug|Any CPU
		{6D3DA8F3-22AD-4E3E-AC8D-5AD362A58C72}.Release|Any CPU.ActiveCfg = Release|Any CPU
		{6D3DA8F3-22AD-4E3E-AC8D-5AD362A58C72}.Release|Any CPU.Build.0 = Release|Any CPU
	EndGlobalSection
	GlobalSection(SolutionProperties) = preSolution
		HideSolutionNode = FALSE
	EndGlobalSection
	GlobalSection(ExtensibilityGlobals) = postSolution
		SolutionGuid = {9E514E49-3607-43F8-A046-726E445210D2}
	EndGlobalSection
EndGlobal
