
Microsoft Visual Studio Solution File, Format Version 12.00
# Visual Studio Version 16
VisualStudioVersion = 16.0.30128.74
MinimumVisualStudioVersion = 10.0.40219.1
Project("{FAE04EC0-301F-11D3-BF4B-00C04F79EFBC}") = "Sum Even Numbers", "Sum Even Numbers.csproj", "{D25C13AB-E143-4B2F-BDE5-407C81A6A33D}"
EndProject
Project("{FAE04EC0-301F-11D3-BF4B-00C04F79EFBC}") = "Even And Odd Substraction", "..\Even And Odd Substraction\Even And Odd Substraction.csproj", "{6A6522B5-D37F-4866-B9EF-2FF121EFC2DF}"
EndProject
Project("{FAE04EC0-301F-11D3-BF4B-00C04F79EFBC}") = "Equal Arrays", "..\Equal Arrays\Equal Arrays.csproj", "{95D12E94-A285-4180-AC5C-13B36D715FF8}"
EndProject
Project("{FAE04EC0-301F-11D3-BF4B-00C04F79EFBC}") = "Condense Array to Number", "..\Condense Array to Number\Condense Array to Number.csproj", "{9EBB6E8A-BE2C-4D4D-B846-6CD665BF51AF}"
EndProject
Global
	GlobalSection(SolutionConfigurationPlatforms) = preSolution
		Debug|Any CPU = Debug|Any CPU
		Release|Any CPU = Release|Any CPU
	EndGlobalSection
	GlobalSection(ProjectConfigurationPlatforms) = postSolution
		{D25C13AB-E143-4B2F-BDE5-407C81A6A33D}.Debug|Any CPU.ActiveCfg = Debug|Any CPU
		{D25C13AB-E143-4B2F-BDE5-407C81A6A33D}.Debug|Any CPU.Build.0 = Debug|Any CPU
		{D25C13AB-E143-4B2F-BDE5-407C81A6A33D}.Release|Any CPU.ActiveCfg = Release|Any CPU
		{D25C13AB-E143-4B2F-BDE5-407C81A6A33D}.Release|Any CPU.Build.0 = Release|Any CPU
		{6A6522B5-D37F-4866-B9EF-2FF121EFC2DF}.Debug|Any CPU.ActiveCfg = Debug|Any CPU
		{6A6522B5-D37F-4866-B9EF-2FF121EFC2DF}.Debug|Any CPU.Build.0 = Debug|Any CPU
		{6A6522B5-D37F-4866-B9EF-2FF121EFC2DF}.Release|Any CPU.ActiveCfg = Release|Any CPU
		{6A6522B5-D37F-4866-B9EF-2FF121EFC2DF}.Release|Any CPU.Build.0 = Release|Any CPU
		{95D12E94-A285-4180-AC5C-13B36D715FF8}.Debug|Any CPU.ActiveCfg = Debug|Any CPU
		{95D12E94-A285-4180-AC5C-13B36D715FF8}.Debug|Any CPU.Build.0 = Debug|Any CPU
		{95D12E94-A285-4180-AC5C-13B36D715FF8}.Release|Any CPU.ActiveCfg = Release|Any CPU
		{95D12E94-A285-4180-AC5C-13B36D715FF8}.Release|Any CPU.Build.0 = Release|Any CPU
		{9EBB6E8A-BE2C-4D4D-B846-6CD665BF51AF}.Debug|Any CPU.ActiveCfg = Debug|Any CPU
		{9EBB6E8A-BE2C-4D4D-B846-6CD665BF51AF}.Debug|Any CPU.Build.0 = Debug|Any CPU
		{9EBB6E8A-BE2C-4D4D-B846-6CD665BF51AF}.Release|Any CPU.ActiveCfg = Release|Any CPU
		{9EBB6E8A-BE2C-4D4D-B846-6CD665BF51AF}.Release|Any CPU.Build.0 = Release|Any CPU
	EndGlobalSection
	GlobalSection(SolutionProperties) = preSolution
		HideSolutionNode = FALSE
	EndGlobalSection
	GlobalSection(ExtensibilityGlobals) = postSolution
		SolutionGuid = {6C5DE6E2-BC12-4333-9E75-B8628B2C1926}
	EndGlobalSection
EndGlobal
