
Microsoft Visual Studio Solution File, Format Version 12.00
# Visual Studio Version 16
VisualStudioVersion = 16.0.30128.74
MinimumVisualStudioVersion = 10.0.40219.1
Project("{9A19103F-16F7-4668-BE54-9A1E7A4F7556}") = "Sort Numbers", "Sort Numbers.csproj", "{B733D3E2-F78E-4A2C-99B8-7D9EA23A7BFC}"
EndProject
Project("{FAE04EC0-301F-11D3-BF4B-00C04F79EFBC}") = "Englisch Name of Last Digits", "..\Englisch Name of Last Digits\Englisch Name of Last Digits.csproj", "{7E0B12E6-45F7-4B9A-BE54-726024D009A4}"
EndProject
Project("{FAE04EC0-301F-11D3-BF4B-00C04F79EFBC}") = "Gaming Store", "..\Gaming Store\Gaming Store.csproj", "{D5B53017-A65E-4A37-916E-AF28EDF5BCCF}"
EndProject
Project("{FAE04EC0-301F-11D3-BF4B-00C04F79EFBC}") = "Reverse String", "..\Reverse String\Reverse String.csproj", "{2AEEDFC4-E97F-4717-B8EE-3BDD1EC98036}"
EndProject
Project("{FAE04EC0-301F-11D3-BF4B-00C04F79EFBC}") = "Messages", "..\Messages\Messages.csproj", "{8BF04376-55FF-4021-AB80-8B03A7A62B86}"
EndProject
Global
	GlobalSection(SolutionConfigurationPlatforms) = preSolution
		Debug|Any CPU = Debug|Any CPU
		Release|Any CPU = Release|Any CPU
	EndGlobalSection
	GlobalSection(ProjectConfigurationPlatforms) = postSolution
		{B733D3E2-F78E-4A2C-99B8-7D9EA23A7BFC}.Debug|Any CPU.ActiveCfg = Debug|Any CPU
		{B733D3E2-F78E-4A2C-99B8-7D9EA23A7BFC}.Debug|Any CPU.Build.0 = Debug|Any CPU
		{B733D3E2-F78E-4A2C-99B8-7D9EA23A7BFC}.Release|Any CPU.ActiveCfg = Release|Any CPU
		{B733D3E2-F78E-4A2C-99B8-7D9EA23A7BFC}.Release|Any CPU.Build.0 = Release|Any CPU
		{7E0B12E6-45F7-4B9A-BE54-726024D009A4}.Debug|Any CPU.ActiveCfg = Debug|Any CPU
		{7E0B12E6-45F7-4B9A-BE54-726024D009A4}.Debug|Any CPU.Build.0 = Debug|Any CPU
		{7E0B12E6-45F7-4B9A-BE54-726024D009A4}.Release|Any CPU.ActiveCfg = Release|Any CPU
		{7E0B12E6-45F7-4B9A-BE54-726024D009A4}.Release|Any CPU.Build.0 = Release|Any CPU
		{D5B53017-A65E-4A37-916E-AF28EDF5BCCF}.Debug|Any CPU.ActiveCfg = Debug|Any CPU
		{D5B53017-A65E-4A37-916E-AF28EDF5BCCF}.Debug|Any CPU.Build.0 = Debug|Any CPU
		{D5B53017-A65E-4A37-916E-AF28EDF5BCCF}.Release|Any CPU.ActiveCfg = Release|Any CPU
		{D5B53017-A65E-4A37-916E-AF28EDF5BCCF}.Release|Any CPU.Build.0 = Release|Any CPU
		{2AEEDFC4-E97F-4717-B8EE-3BDD1EC98036}.Debug|Any CPU.ActiveCfg = Debug|Any CPU
		{2AEEDFC4-E97F-4717-B8EE-3BDD1EC98036}.Debug|Any CPU.Build.0 = Debug|Any CPU
		{2AEEDFC4-E97F-4717-B8EE-3BDD1EC98036}.Release|Any CPU.ActiveCfg = Release|Any CPU
		{2AEEDFC4-E97F-4717-B8EE-3BDD1EC98036}.Release|Any CPU.Build.0 = Release|Any CPU
		{8BF04376-55FF-4021-AB80-8B03A7A62B86}.Debug|Any CPU.ActiveCfg = Debug|Any CPU
		{8BF04376-55FF-4021-AB80-8B03A7A62B86}.Debug|Any CPU.Build.0 = Debug|Any CPU
		{8BF04376-55FF-4021-AB80-8B03A7A62B86}.Release|Any CPU.ActiveCfg = Release|Any CPU
		{8BF04376-55FF-4021-AB80-8B03A7A62B86}.Release|Any CPU.Build.0 = Release|Any CPU
	EndGlobalSection
	GlobalSection(SolutionProperties) = preSolution
		HideSolutionNode = FALSE
	EndGlobalSection
	GlobalSection(ExtensibilityGlobals) = postSolution
		SolutionGuid = {0BA24537-2416-406F-83D0-E8136BF1CFA5}
	EndGlobalSection
EndGlobal
