
Microsoft Visual Studio Solution File, Format Version 12.00
# Visual Studio Version 16
VisualStudioVersion = 16.0.30128.74
MinimumVisualStudioVersion = 10.0.40219.1
Project("{FAE04EC0-301F-11D3-BF4B-00C04F79EFBC}") = "Extract File", "Extract File.csproj", "{7AF73E3F-35D2-40FD-A057-4AC1D0322E0C}"
EndProject
Project("{FAE04EC0-301F-11D3-BF4B-00C04F79EFBC}") = "Caesar Cipher", "..\Caesar Cipher\Caesar Cipher.csproj", "{C3E4B765-ECDF-4D67-ACE0-2ACF82F14836}"
EndProject
Project("{FAE04EC0-301F-11D3-BF4B-00C04F79EFBC}") = "Multiply Big Number", "..\Multiply Big Number\Multiply Big Number.csproj", "{894C6973-A29F-46E3-9B16-FBF02AD5358E}"
EndProject
Project("{FAE04EC0-301F-11D3-BF4B-00C04F79EFBC}") = "Replace Repeating Chars", "..\Replace Repeating Chars\Replace Repeating Chars.csproj", "{4593E8F2-E41A-4174-B927-559DD6CF9F38}"
EndProject
Project("{FAE04EC0-301F-11D3-BF4B-00C04F79EFBC}") = "Explosion String", "..\Explosion String\Explosion String.csproj", "{FC2DE65F-0349-40FC-80A9-F80AF07E39D5}"
EndProject
Global
	GlobalSection(SolutionConfigurationPlatforms) = preSolution
		Debug|Any CPU = Debug|Any CPU
		Release|Any CPU = Release|Any CPU
	EndGlobalSection
	GlobalSection(ProjectConfigurationPlatforms) = postSolution
		{7AF73E3F-35D2-40FD-A057-4AC1D0322E0C}.Debug|Any CPU.ActiveCfg = Debug|Any CPU
		{7AF73E3F-35D2-40FD-A057-4AC1D0322E0C}.Debug|Any CPU.Build.0 = Debug|Any CPU
		{7AF73E3F-35D2-40FD-A057-4AC1D0322E0C}.Release|Any CPU.ActiveCfg = Release|Any CPU
		{7AF73E3F-35D2-40FD-A057-4AC1D0322E0C}.Release|Any CPU.Build.0 = Release|Any CPU
		{C3E4B765-ECDF-4D67-ACE0-2ACF82F14836}.Debug|Any CPU.ActiveCfg = Debug|Any CPU
		{C3E4B765-ECDF-4D67-ACE0-2ACF82F14836}.Debug|Any CPU.Build.0 = Debug|Any CPU
		{C3E4B765-ECDF-4D67-ACE0-2ACF82F14836}.Release|Any CPU.ActiveCfg = Release|Any CPU
		{C3E4B765-ECDF-4D67-ACE0-2ACF82F14836}.Release|Any CPU.Build.0 = Release|Any CPU
		{894C6973-A29F-46E3-9B16-FBF02AD5358E}.Debug|Any CPU.ActiveCfg = Debug|Any CPU
		{894C6973-A29F-46E3-9B16-FBF02AD5358E}.Debug|Any CPU.Build.0 = Debug|Any CPU
		{894C6973-A29F-46E3-9B16-FBF02AD5358E}.Release|Any CPU.ActiveCfg = Release|Any CPU
		{894C6973-A29F-46E3-9B16-FBF02AD5358E}.Release|Any CPU.Build.0 = Release|Any CPU
		{4593E8F2-E41A-4174-B927-559DD6CF9F38}.Debug|Any CPU.ActiveCfg = Debug|Any CPU
		{4593E8F2-E41A-4174-B927-559DD6CF9F38}.Debug|Any CPU.Build.0 = Debug|Any CPU
		{4593E8F2-E41A-4174-B927-559DD6CF9F38}.Release|Any CPU.ActiveCfg = Release|Any CPU
		{4593E8F2-E41A-4174-B927-559DD6CF9F38}.Release|Any CPU.Build.0 = Release|Any CPU
		{FC2DE65F-0349-40FC-80A9-F80AF07E39D5}.Debug|Any CPU.ActiveCfg = Debug|Any CPU
		{FC2DE65F-0349-40FC-80A9-F80AF07E39D5}.Debug|Any CPU.Build.0 = Debug|Any CPU
		{FC2DE65F-0349-40FC-80A9-F80AF07E39D5}.Release|Any CPU.ActiveCfg = Release|Any CPU
		{FC2DE65F-0349-40FC-80A9-F80AF07E39D5}.Release|Any CPU.Build.0 = Release|Any CPU
	EndGlobalSection
	GlobalSection(SolutionProperties) = preSolution
		HideSolutionNode = FALSE
	EndGlobalSection
	GlobalSection(ExtensibilityGlobals) = postSolution
		SolutionGuid = {7246416A-B896-43B3-AB67-6D3B102DD6CF}
	EndGlobalSection
EndGlobal
