
Microsoft Visual Studio Solution File, Format Version 12.00
# Visual Studio Version 16
VisualStudioVersion = 16.0.30128.74
MinimumVisualStudioVersion = 10.0.40219.1
Project("{FAE04EC0-301F-11D3-BF4B-00C04F79EFBC}") = "Student Information", "Student Information.csproj", "{4FDC7126-8EFA-4C79-BA6A-785A5721EFCF}"
EndProject
Project("{FAE04EC0-301F-11D3-BF4B-00C04F79EFBC}") = "Passed or Failed", "..\Passed or Failed\Passed or Failed.csproj", "{E6986D06-1B54-4F6A-9596-02462E9B01CE}"
EndProject
Project("{FAE04EC0-301F-11D3-BF4B-00C04F79EFBC}") = "Back In 30 Minutes", "..\Back In 30 Minutes\Back In 30 Minutes.csproj", "{500A3BBC-76C8-494D-82BF-E2633DF6F65B}"
EndProject
Project("{FAE04EC0-301F-11D3-BF4B-00C04F79EFBC}") = "Month Printer", "..\Month Printer\Month Printer.csproj", "{DD6AD1A2-9F96-41C2-9DD2-252A2C6FF566}"
EndProject
Project("{FAE04EC0-301F-11D3-BF4B-00C04F79EFBC}") = "Foreign Languages", "..\Foreign Languages\Foreign Languages.csproj", "{4908FA75-B141-42D2-BA0C-667AB9E73816}"
EndProject
Project("{FAE04EC0-301F-11D3-BF4B-00C04F79EFBC}") = "Theatre Promotion", "..\Theatre Promotion\Theatre Promotion.csproj", "{AD2E714F-BA51-4421-9C47-282B3E757BE1}"
EndProject
Project("{FAE04EC0-301F-11D3-BF4B-00C04F79EFBC}") = "Divided By 3", "..\Divided By 3\Divided By 3.csproj", "{E924FA97-D1AE-4C57-976E-811C61E6DC8C}"
EndProject
Project("{FAE04EC0-301F-11D3-BF4B-00C04F79EFBC}") = "Summ Of Odd Numbers", "..\Summ Of Odd Numbers\Summ Of Odd Numbers.csproj", "{B87061D5-E52C-4744-B6E0-2B6875FDCFFE}"
EndProject
Project("{FAE04EC0-301F-11D3-BF4B-00C04F79EFBC}") = "Multiplication Table", "..\Multiplication Table\Multiplication Table.csproj", "{DA0629D7-F774-491F-979D-C85DCF1FFAA5}"
EndProject
Project("{FAE04EC0-301F-11D3-BF4B-00C04F79EFBC}") = "Multiplication Table 2.0", "..\Multiplication Table 2.0\Multiplication Table 2.0.csproj", "{0916B16A-0C51-4007-8993-BB0F6D0B6FA7}"
EndProject
Project("{FAE04EC0-301F-11D3-BF4B-00C04F79EFBC}") = "Even Number", "..\Even Number\Even Number.csproj", "{E867132F-BE2F-4753-A3B8-3F8DAD3A5ED2}"
EndProject
Project("{FAE04EC0-301F-11D3-BF4B-00C04F79EFBC}") = "Holidays Between Two Dates", "..\Holidays Between Two Dates\Holidays Between Two Dates.csproj", "{8BCC489A-3063-43B0-8863-D743183685AE}"
EndProject
Project("{FAE04EC0-301F-11D3-BF4B-00C04F79EFBC}") = "Padawan Equipment", "..\Padawan Equipment\Padawan Equipment.csproj", "{95DF21D8-9034-49D0-AC0E-08944916D8EB}"
EndProject
Project("{FAE04EC0-301F-11D3-BF4B-00C04F79EFBC}") = "Sort Numbers", "..\Sort Numbers\Sort Numbers.csproj", "{E7D0E12F-AA35-4A77-96C4-0A0A523B4414}"
EndProject
Global
	GlobalSection(SolutionConfigurationPlatforms) = preSolution
		Debug|Any CPU = Debug|Any CPU
		Release|Any CPU = Release|Any CPU
	EndGlobalSection
	GlobalSection(ProjectConfigurationPlatforms) = postSolution
		{4FDC7126-8EFA-4C79-BA6A-785A5721EFCF}.Debug|Any CPU.ActiveCfg = Debug|Any CPU
		{4FDC7126-8EFA-4C79-BA6A-785A5721EFCF}.Debug|Any CPU.Build.0 = Debug|Any CPU
		{4FDC7126-8EFA-4C79-BA6A-785A5721EFCF}.Release|Any CPU.ActiveCfg = Release|Any CPU
		{4FDC7126-8EFA-4C79-BA6A-785A5721EFCF}.Release|Any CPU.Build.0 = Release|Any CPU
		{E6986D06-1B54-4F6A-9596-02462E9B01CE}.Debug|Any CPU.ActiveCfg = Debug|Any CPU
		{E6986D06-1B54-4F6A-9596-02462E9B01CE}.Debug|Any CPU.Build.0 = Debug|Any CPU
		{E6986D06-1B54-4F6A-9596-02462E9B01CE}.Release|Any CPU.ActiveCfg = Release|Any CPU
		{E6986D06-1B54-4F6A-9596-02462E9B01CE}.Release|Any CPU.Build.0 = Release|Any CPU
		{500A3BBC-76C8-494D-82BF-E2633DF6F65B}.Debug|Any CPU.ActiveCfg = Debug|Any CPU
		{500A3BBC-76C8-494D-82BF-E2633DF6F65B}.Debug|Any CPU.Build.0 = Debug|Any CPU
		{500A3BBC-76C8-494D-82BF-E2633DF6F65B}.Release|Any CPU.ActiveCfg = Release|Any CPU
		{500A3BBC-76C8-494D-82BF-E2633DF6F65B}.Release|Any CPU.Build.0 = Release|Any CPU
		{DD6AD1A2-9F96-41C2-9DD2-252A2C6FF566}.Debug|Any CPU.ActiveCfg = Debug|Any CPU
		{DD6AD1A2-9F96-41C2-9DD2-252A2C6FF566}.Debug|Any CPU.Build.0 = Debug|Any CPU
		{DD6AD1A2-9F96-41C2-9DD2-252A2C6FF566}.Release|Any CPU.ActiveCfg = Release|Any CPU
		{DD6AD1A2-9F96-41C2-9DD2-252A2C6FF566}.Release|Any CPU.Build.0 = Release|Any CPU
		{4908FA75-B141-42D2-BA0C-667AB9E73816}.Debug|Any CPU.ActiveCfg = Debug|Any CPU
		{4908FA75-B141-42D2-BA0C-667AB9E73816}.Debug|Any CPU.Build.0 = Debug|Any CPU
		{4908FA75-B141-42D2-BA0C-667AB9E73816}.Release|Any CPU.ActiveCfg = Release|Any CPU
		{4908FA75-B141-42D2-BA0C-667AB9E73816}.Release|Any CPU.Build.0 = Release|Any CPU
		{AD2E714F-BA51-4421-9C47-282B3E757BE1}.Debug|Any CPU.ActiveCfg = Debug|Any CPU
		{AD2E714F-BA51-4421-9C47-282B3E757BE1}.Debug|Any CPU.Build.0 = Debug|Any CPU
		{AD2E714F-BA51-4421-9C47-282B3E757BE1}.Release|Any CPU.ActiveCfg = Release|Any CPU
		{AD2E714F-BA51-4421-9C47-282B3E757BE1}.Release|Any CPU.Build.0 = Release|Any CPU
		{E924FA97-D1AE-4C57-976E-811C61E6DC8C}.Debug|Any CPU.ActiveCfg = Debug|Any CPU
		{E924FA97-D1AE-4C57-976E-811C61E6DC8C}.Debug|Any CPU.Build.0 = Debug|Any CPU
		{E924FA97-D1AE-4C57-976E-811C61E6DC8C}.Release|Any CPU.ActiveCfg = Release|Any CPU
		{E924FA97-D1AE-4C57-976E-811C61E6DC8C}.Release|Any CPU.Build.0 = Release|Any CPU
		{B87061D5-E52C-4744-B6E0-2B6875FDCFFE}.Debug|Any CPU.ActiveCfg = Debug|Any CPU
		{B87061D5-E52C-4744-B6E0-2B6875FDCFFE}.Debug|Any CPU.Build.0 = Debug|Any CPU
		{B87061D5-E52C-4744-B6E0-2B6875FDCFFE}.Release|Any CPU.ActiveCfg = Release|Any CPU
		{B87061D5-E52C-4744-B6E0-2B6875FDCFFE}.Release|Any CPU.Build.0 = Release|Any CPU
		{DA0629D7-F774-491F-979D-C85DCF1FFAA5}.Debug|Any CPU.ActiveCfg = Debug|Any CPU
		{DA0629D7-F774-491F-979D-C85DCF1FFAA5}.Debug|Any CPU.Build.0 = Debug|Any CPU
		{DA0629D7-F774-491F-979D-C85DCF1FFAA5}.Release|Any CPU.ActiveCfg = Release|Any CPU
		{DA0629D7-F774-491F-979D-C85DCF1FFAA5}.Release|Any CPU.Build.0 = Release|Any CPU
		{0916B16A-0C51-4007-8993-BB0F6D0B6FA7}.Debug|Any CPU.ActiveCfg = Debug|Any CPU
		{0916B16A-0C51-4007-8993-BB0F6D0B6FA7}.Debug|Any CPU.Build.0 = Debug|Any CPU
		{0916B16A-0C51-4007-8993-BB0F6D0B6FA7}.Release|Any CPU.ActiveCfg = Release|Any CPU
		{0916B16A-0C51-4007-8993-BB0F6D0B6FA7}.Release|Any CPU.Build.0 = Release|Any CPU
		{E867132F-BE2F-4753-A3B8-3F8DAD3A5ED2}.Debug|Any CPU.ActiveCfg = Debug|Any CPU
		{E867132F-BE2F-4753-A3B8-3F8DAD3A5ED2}.Debug|Any CPU.Build.0 = Debug|Any CPU
		{E867132F-BE2F-4753-A3B8-3F8DAD3A5ED2}.Release|Any CPU.ActiveCfg = Release|Any CPU
		{E867132F-BE2F-4753-A3B8-3F8DAD3A5ED2}.Release|Any CPU.Build.0 = Release|Any CPU
		{8BCC489A-3063-43B0-8863-D743183685AE}.Debug|Any CPU.ActiveCfg = Debug|Any CPU
		{8BCC489A-3063-43B0-8863-D743183685AE}.Debug|Any CPU.Build.0 = Debug|Any CPU
		{8BCC489A-3063-43B0-8863-D743183685AE}.Release|Any CPU.ActiveCfg = Release|Any CPU
		{8BCC489A-3063-43B0-8863-D743183685AE}.Release|Any CPU.Build.0 = Release|Any CPU
		{95DF21D8-9034-49D0-AC0E-08944916D8EB}.Debug|Any CPU.ActiveCfg = Debug|Any CPU
		{95DF21D8-9034-49D0-AC0E-08944916D8EB}.Debug|Any CPU.Build.0 = Debug|Any CPU
		{95DF21D8-9034-49D0-AC0E-08944916D8EB}.Release|Any CPU.ActiveCfg = Release|Any CPU
		{95DF21D8-9034-49D0-AC0E-08944916D8EB}.Release|Any CPU.Build.0 = Release|Any CPU
		{E7D0E12F-AA35-4A77-96C4-0A0A523B4414}.Debug|Any CPU.ActiveCfg = Debug|Any CPU
		{E7D0E12F-AA35-4A77-96C4-0A0A523B4414}.Debug|Any CPU.Build.0 = Debug|Any CPU
		{E7D0E12F-AA35-4A77-96C4-0A0A523B4414}.Release|Any CPU.ActiveCfg = Release|Any CPU
		{E7D0E12F-AA35-4A77-96C4-0A0A523B4414}.Release|Any CPU.Build.0 = Release|Any CPU
	EndGlobalSection
	GlobalSection(SolutionProperties) = preSolution
		HideSolutionNode = FALSE
	EndGlobalSection
	GlobalSection(ExtensibilityGlobals) = postSolution
		SolutionGuid = {F0E952C4-93FD-4925-B45D-12A297339879}
	EndGlobalSection
EndGlobal
