
Microsoft Visual Studio Solution File, Format Version 12.00
# Visual Studio Version 16
VisualStudioVersion = 16.0.30128.74
MinimumVisualStudioVersion = 10.0.40219.1
Project("{FAE04EC0-301F-11D3-BF4B-00C04F79EFBC}") = "Gauss Trick", "Gauss Trick.csproj", "{2C36A0CE-32DC-476B-AB65-E40A04E4D4C8}"
EndProject
Global
	GlobalSection(SolutionConfigurationPlatforms) = preSolution
		Debug|Any CPU = Debug|Any CPU
		Release|Any CPU = Release|Any CPU
	EndGlobalSection
	GlobalSection(ProjectConfigurationPlatforms) = postSolution
		{2C36A0CE-32DC-476B-AB65-E40A04E4D4C8}.Debug|Any CPU.ActiveCfg = Debug|Any CPU
		{2C36A0CE-32DC-476B-AB65-E40A04E4D4C8}.Debug|Any CPU.Build.0 = Debug|Any CPU
		{2C36A0CE-32DC-476B-AB65-E40A04E4D4C8}.Release|Any CPU.ActiveCfg = Release|Any CPU
		{2C36A0CE-32DC-476B-AB65-E40A04E4D4C8}.Release|Any CPU.Build.0 = Release|Any CPU
	EndGlobalSection
	GlobalSection(SolutionProperties) = preSolution
		HideSolutionNode = FALSE
	EndGlobalSection
	GlobalSection(ExtensibilityGlobals) = postSolution
		SolutionGuid = {F220FF44-276A-47B9-B361-82C7BE0F51E1}
	EndGlobalSection
EndGlobal
