
Microsoft Visual Studio Solution File, Format Version 12.00
# Visual Studio Version 16
VisualStudioVersion = 16.0.30128.74
MinimumVisualStudioVersion = 10.0.40219.1
Project("{9A19103F-16F7-4668-BE54-9A1E7A4F7556}") = "Repeat String", "Repeat String.csproj", "{50131C86-3028-464F-82EB-06FE4B18D7B2}"
EndProject
Project("{FAE04EC0-301F-11D3-BF4B-00C04F79EFBC}") = "Substring", "..\Substring\Substring.csproj", "{EB26BFBA-B05C-4B8B-B9F7-07FD53AA1BFD}"
EndProject
Project("{FAE04EC0-301F-11D3-BF4B-00C04F79EFBC}") = "Text Filter", "..\Text Filter\Text Filter.csproj", "{BA5C39BB-AA87-4C62-9A82-6E2CE28C95CC}"
EndProject
Global
	GlobalSection(SolutionConfigurationPlatforms) = preSolution
		Debug|Any CPU = Debug|Any CPU
		Release|Any CPU = Release|Any CPU
	EndGlobalSection
	GlobalSection(ProjectConfigurationPlatforms) = postSolution
		{50131C86-3028-464F-82EB-06FE4B18D7B2}.Debug|Any CPU.ActiveCfg = Debug|Any CPU
		{50131C86-3028-464F-82EB-06FE4B18D7B2}.Debug|Any CPU.Build.0 = Debug|Any CPU
		{50131C86-3028-464F-82EB-06FE4B18D7B2}.Release|Any CPU.ActiveCfg = Release|Any CPU
		{50131C86-3028-464F-82EB-06FE4B18D7B2}.Release|Any CPU.Build.0 = Release|Any CPU
		{EB26BFBA-B05C-4B8B-B9F7-07FD53AA1BFD}.Debug|Any CPU.ActiveCfg = Debug|Any CPU
		{EB26BFBA-B05C-4B8B-B9F7-07FD53AA1BFD}.Debug|Any CPU.Build.0 = Debug|Any CPU
		{EB26BFBA-B05C-4B8B-B9F7-07FD53AA1BFD}.Release|Any CPU.ActiveCfg = Release|Any CPU
		{EB26BFBA-B05C-4B8B-B9F7-07FD53AA1BFD}.Release|Any CPU.Build.0 = Release|Any CPU
		{BA5C39BB-AA87-4C62-9A82-6E2CE28C95CC}.Debug|Any CPU.ActiveCfg = Debug|Any CPU
		{BA5C39BB-AA87-4C62-9A82-6E2CE28C95CC}.Debug|Any CPU.Build.0 = Debug|Any CPU
		{BA5C39BB-AA87-4C62-9A82-6E2CE28C95CC}.Release|Any CPU.ActiveCfg = Release|Any CPU
		{BA5C39BB-AA87-4C62-9A82-6E2CE28C95CC}.Release|Any CPU.Build.0 = Release|Any CPU
	EndGlobalSection
	GlobalSection(SolutionProperties) = preSolution
		HideSolutionNode = FALSE
	EndGlobalSection
	GlobalSection(ExtensibilityGlobals) = postSolution
		SolutionGuid = {992D857B-3F69-44A4-9F2D-F919162586E2}
	EndGlobalSection
EndGlobal
