
Microsoft Visual Studio Solution File, Format Version 12.00
# Visual Studio Version 16
VisualStudioVersion = 16.0.30128.74
MinimumVisualStudioVersion = 10.0.40219.1
Project("{FAE04EC0-301F-11D3-BF4B-00C04F79EFBC}") = "CountRealNumbers", "CountRealNumbers.csproj", "{A7CF6298-DC16-42CD-8531-F8C9BDDFB4A0}"
EndProject
Project("{FAE04EC0-301F-11D3-BF4B-00C04F79EFBC}") = "WordSynonymes", "..\WordSynonymes\WordSynonymes.csproj", "{E5FC979F-35BF-43AA-8B25-D78AAC4819E0}"
EndProject
Global
	GlobalSection(SolutionConfigurationPlatforms) = preSolution
		Debug|Any CPU = Debug|Any CPU
		Release|Any CPU = Release|Any CPU
	EndGlobalSection
	GlobalSection(ProjectConfigurationPlatforms) = postSolution
		{A7CF6298-DC16-42CD-8531-F8C9BDDFB4A0}.Debug|Any CPU.ActiveCfg = Debug|Any CPU
		{A7CF6298-DC16-42CD-8531-F8C9BDDFB4A0}.Debug|Any CPU.Build.0 = Debug|Any CPU
		{A7CF6298-DC16-42CD-8531-F8C9BDDFB4A0}.Release|Any CPU.ActiveCfg = Release|Any CPU
		{A7CF6298-DC16-42CD-8531-F8C9BDDFB4A0}.Release|Any CPU.Build.0 = Release|Any CPU
		{E5FC979F-35BF-43AA-8B25-D78AAC4819E0}.Debug|Any CPU.ActiveCfg = Debug|Any CPU
		{E5FC979F-35BF-43AA-8B25-D78AAC4819E0}.Debug|Any CPU.Build.0 = Debug|Any CPU
		{E5FC979F-35BF-43AA-8B25-D78AAC4819E0}.Release|Any CPU.ActiveCfg = Release|Any CPU
		{E5FC979F-35BF-43AA-8B25-D78AAC4819E0}.Release|Any CPU.Build.0 = Release|Any CPU
	EndGlobalSection
	GlobalSection(SolutionProperties) = preSolution
		HideSolutionNode = FALSE
	EndGlobalSection
	GlobalSection(ExtensibilityGlobals) = postSolution
		SolutionGuid = {0E9E715E-6713-485B-ADD5-6872D7217D28}
	EndGlobalSection
EndGlobal
