
Microsoft Visual Studio Solution File, Format Version 12.00
# Visual Studio Version 16
VisualStudioVersion = 16.0.30128.74
MinimumVisualStudioVersion = 10.0.40219.1
Project("{FAE04EC0-301F-11D3-BF4B-00C04F79EFBC}") = "NxN Matrix", "NxN Matrix.csproj", "{A5A47094-30D6-48F3-A659-7E284D2BD596}"
EndProject
Project("{FAE04EC0-301F-11D3-BF4B-00C04F79EFBC}") = "Factorial Division", "..\Factorial Division\Factorial Division.csproj", "{FE3C53BF-F3FE-4551-ACCD-CF02910EE2B3}"
EndProject
Global
	GlobalSection(SolutionConfigurationPlatforms) = preSolution
		Debug|Any CPU = Debug|Any CPU
		Release|Any CPU = Release|Any CPU
	EndGlobalSection
	GlobalSection(ProjectConfigurationPlatforms) = postSolution
		{A5A47094-30D6-48F3-A659-7E284D2BD596}.Debug|Any CPU.ActiveCfg = Debug|Any CPU
		{A5A47094-30D6-48F3-A659-7E284D2BD596}.Debug|Any CPU.Build.0 = Debug|Any CPU
		{A5A47094-30D6-48F3-A659-7E284D2BD596}.Release|Any CPU.ActiveCfg = Release|Any CPU
		{A5A47094-30D6-48F3-A659-7E284D2BD596}.Release|Any CPU.Build.0 = Release|Any CPU
		{FE3C53BF-F3FE-4551-ACCD-CF02910EE2B3}.Debug|Any CPU.ActiveCfg = Debug|Any CPU
		{FE3C53BF-F3FE-4551-ACCD-CF02910EE2B3}.Debug|Any CPU.Build.0 = Debug|Any CPU
		{FE3C53BF-F3FE-4551-ACCD-CF02910EE2B3}.Release|Any CPU.ActiveCfg = Release|Any CPU
		{FE3C53BF-F3FE-4551-ACCD-CF02910EE2B3}.Release|Any CPU.Build.0 = Release|Any CPU
	EndGlobalSection
	GlobalSection(SolutionProperties) = preSolution
		HideSolutionNode = FALSE
	EndGlobalSection
	GlobalSection(ExtensibilityGlobals) = postSolution
		SolutionGuid = {279ED992-184C-4A30-B952-83BE139E55E6}
	EndGlobalSection
EndGlobal
