
Microsoft Visual Studio Solution File, Format Version 12.00
# Visual Studio Version 16
VisualStudioVersion = 16.0.30128.74
MinimumVisualStudioVersion = 10.0.40219.1
Project("{FAE04EC0-301F-11D3-BF4B-00C04F79EFBC}") = "National Court", "National Court.csproj", "{26D5F6F0-898B-405E-9341-FC5DC4F8F1AB}"
EndProject
Project("{FAE04EC0-301F-11D3-BF4B-00C04F79EFBC}") = "Shoping List", "..\Shoping List\Shoping List.csproj", "{C72454C2-CA39-4729-9BB9-91E743BCB43B}"
EndProject
Global
	GlobalSection(SolutionConfigurationPlatforms) = preSolution
		Debug|Any CPU = Debug|Any CPU
		Release|Any CPU = Release|Any CPU
	EndGlobalSection
	GlobalSection(ProjectConfigurationPlatforms) = postSolution
		{26D5F6F0-898B-405E-9341-FC5DC4F8F1AB}.Debug|Any CPU.ActiveCfg = Debug|Any CPU
		{26D5F6F0-898B-405E-9341-FC5DC4F8F1AB}.Debug|Any CPU.Build.0 = Debug|Any CPU
		{26D5F6F0-898B-405E-9341-FC5DC4F8F1AB}.Release|Any CPU.ActiveCfg = Release|Any CPU
		{26D5F6F0-898B-405E-9341-FC5DC4F8F1AB}.Release|Any CPU.Build.0 = Release|Any CPU
		{C72454C2-CA39-4729-9BB9-91E743BCB43B}.Debug|Any CPU.ActiveCfg = Debug|Any CPU
		{C72454C2-CA39-4729-9BB9-91E743BCB43B}.Debug|Any CPU.Build.0 = Debug|Any CPU
		{C72454C2-CA39-4729-9BB9-91E743BCB43B}.Release|Any CPU.ActiveCfg = Release|Any CPU
		{C72454C2-CA39-4729-9BB9-91E743BCB43B}.Release|Any CPU.Build.0 = Release|Any CPU
	EndGlobalSection
	GlobalSection(SolutionProperties) = preSolution
		HideSolutionNode = FALSE
	EndGlobalSection
	GlobalSection(ExtensibilityGlobals) = postSolution
		SolutionGuid = {D60FC532-4000-4B42-BF9E-5D2ACA899D5A}
	EndGlobalSection
EndGlobal
