
Microsoft Visual Studio Solution File, Format Version 12.00
# Visual Studio Version 16
VisualStudioVersion = 16.0.30128.74
MinimumVisualStudioVersion = 10.0.40219.1
Project("{FAE04EC0-301F-11D3-BF4B-00C04F79EFBC}") = "Fundamentals 1", "Fundamentals 1.csproj", "{737EAF00-DD4C-46B3-9A2D-2E78C9D37788}"
EndProject
Project("{FAE04EC0-301F-11D3-BF4B-00C04F79EFBC}") = "Fundamentals 2", "..\Fundamentals 2\Fundamentals 2.csproj", "{38A38944-8C81-4883-9D87-F959E74C8852}"
EndProject
Project("{FAE04EC0-301F-11D3-BF4B-00C04F79EFBC}") = "Fundamentals 3", "..\Fundamentals 3\Fundamentals 3.csproj", "{21001A0D-8A3E-4509-B6FA-3F3B5058EB85}"
EndProject
Global
	GlobalSection(SolutionConfigurationPlatforms) = preSolution
		Debug|Any CPU = Debug|Any CPU
		Release|Any CPU = Release|Any CPU
	EndGlobalSection
	GlobalSection(ProjectConfigurationPlatforms) = postSolution
		{737EAF00-DD4C-46B3-9A2D-2E78C9D37788}.Debug|Any CPU.ActiveCfg = Debug|Any CPU
		{737EAF00-DD4C-46B3-9A2D-2E78C9D37788}.Debug|Any CPU.Build.0 = Debug|Any CPU
		{737EAF00-DD4C-46B3-9A2D-2E78C9D37788}.Release|Any CPU.ActiveCfg = Release|Any CPU
		{737EAF00-DD4C-46B3-9A2D-2E78C9D37788}.Release|Any CPU.Build.0 = Release|Any CPU
		{38A38944-8C81-4883-9D87-F959E74C8852}.Debug|Any CPU.ActiveCfg = Debug|Any CPU
		{38A38944-8C81-4883-9D87-F959E74C8852}.Debug|Any CPU.Build.0 = Debug|Any CPU
		{38A38944-8C81-4883-9D87-F959E74C8852}.Release|Any CPU.ActiveCfg = Release|Any CPU
		{38A38944-8C81-4883-9D87-F959E74C8852}.Release|Any CPU.Build.0 = Release|Any CPU
		{21001A0D-8A3E-4509-B6FA-3F3B5058EB85}.Debug|Any CPU.ActiveCfg = Debug|Any CPU
		{21001A0D-8A3E-4509-B6FA-3F3B5058EB85}.Debug|Any CPU.Build.0 = Debug|Any CPU
		{21001A0D-8A3E-4509-B6FA-3F3B5058EB85}.Release|Any CPU.ActiveCfg = Release|Any CPU
		{21001A0D-8A3E-4509-B6FA-3F3B5058EB85}.Release|Any CPU.Build.0 = Release|Any CPU
	EndGlobalSection
	GlobalSection(SolutionProperties) = preSolution
		HideSolutionNode = FALSE
	EndGlobalSection
	GlobalSection(ExtensibilityGlobals) = postSolution
		SolutionGuid = {4F280EC2-A972-4F95-9B77-C880B613B693}
	EndGlobalSection
EndGlobal
