
Microsoft Visual Studio Solution File, Format Version 12.00
# Visual Studio Version 16
VisualStudioVersion = 16.0.30128.74
MinimumVisualStudioVersion = 10.0.40219.1
Project("{FAE04EC0-301F-11D3-BF4B-00C04F79EFBC}") = "Merging Lists", "Merging Lists.csproj", "{6CCB3564-DE37-4CB1-B22A-4893993AA0D2}"
EndProject
Project("{FAE04EC0-301F-11D3-BF4B-00C04F79EFBC}") = "Remove Negatives And Reverse", "..\Remove Negatives And Reverse\Remove Negatives And Reverse.csproj", "{008022B6-21F1-46F6-BAD9-7A400167FDC1}"
EndProject
Project("{FAE04EC0-301F-11D3-BF4B-00C04F79EFBC}") = "List Manipolations", "..\List Manipolations\List Manipolations.csproj", "{CD5132DF-FE6C-4C96-A581-ED73B008C6A4}"
EndProject
Project("{FAE04EC0-301F-11D3-BF4B-00C04F79EFBC}") = "List Manipolations Advanced", "..\List Manipolations Advanced\List Manipolations Advanced.csproj", "{ED392B4A-3299-4B59-87F5-A6ECF34746E2}"
EndProject
Global
	GlobalSection(SolutionConfigurationPlatforms) = preSolution
		Debug|Any CPU = Debug|Any CPU
		Release|Any CPU = Release|Any CPU
	EndGlobalSection
	GlobalSection(ProjectConfigurationPlatforms) = postSolution
		{6CCB3564-DE37-4CB1-B22A-4893993AA0D2}.Debug|Any CPU.ActiveCfg = Debug|Any CPU
		{6CCB3564-DE37-4CB1-B22A-4893993AA0D2}.Debug|Any CPU.Build.0 = Debug|Any CPU
		{6CCB3564-DE37-4CB1-B22A-4893993AA0D2}.Release|Any CPU.ActiveCfg = Release|Any CPU
		{6CCB3564-DE37-4CB1-B22A-4893993AA0D2}.Release|Any CPU.Build.0 = Release|Any CPU
		{008022B6-21F1-46F6-BAD9-7A400167FDC1}.Debug|Any CPU.ActiveCfg = Debug|Any CPU
		{008022B6-21F1-46F6-BAD9-7A400167FDC1}.Debug|Any CPU.Build.0 = Debug|Any CPU
		{008022B6-21F1-46F6-BAD9-7A400167FDC1}.Release|Any CPU.ActiveCfg = Release|Any CPU
		{008022B6-21F1-46F6-BAD9-7A400167FDC1}.Release|Any CPU.Build.0 = Release|Any CPU
		{CD5132DF-FE6C-4C96-A581-ED73B008C6A4}.Debug|Any CPU.ActiveCfg = Debug|Any CPU
		{CD5132DF-FE6C-4C96-A581-ED73B008C6A4}.Debug|Any CPU.Build.0 = Debug|Any CPU
		{CD5132DF-FE6C-4C96-A581-ED73B008C6A4}.Release|Any CPU.ActiveCfg = Release|Any CPU
		{CD5132DF-FE6C-4C96-A581-ED73B008C6A4}.Release|Any CPU.Build.0 = Release|Any CPU
		{ED392B4A-3299-4B59-87F5-A6ECF34746E2}.Debug|Any CPU.ActiveCfg = Debug|Any CPU
		{ED392B4A-3299-4B59-87F5-A6ECF34746E2}.Debug|Any CPU.Build.0 = Debug|Any CPU
		{ED392B4A-3299-4B59-87F5-A6ECF34746E2}.Release|Any CPU.ActiveCfg = Release|Any CPU
		{ED392B4A-3299-4B59-87F5-A6ECF34746E2}.Release|Any CPU.Build.0 = Release|Any CPU
	EndGlobalSection
	GlobalSection(SolutionProperties) = preSolution
		HideSolutionNode = FALSE
	EndGlobalSection
	GlobalSection(ExtensibilityGlobals) = postSolution
		SolutionGuid = {4D34BC2D-422D-4741-B836-9A723FAE239A}
	EndGlobalSection
EndGlobal
