
Microsoft Visual Studio Solution File, Format Version 12.00
# Visual Studio Version 16
VisualStudioVersion = 16.0.30128.74
MinimumVisualStudioVersion = 10.0.40219.1
Project("{FAE04EC0-301F-11D3-BF4B-00C04F79EFBC}") = "Sign of Integer Numbers", "Sign of Integer Numbers.csproj", "{F2AC4F6D-C0F9-4B9D-A295-08EFA0EEBAA9}"
EndProject
Project("{FAE04EC0-301F-11D3-BF4B-00C04F79EFBC}") = "Grades", "..\Grades\Grades.csproj", "{14C1DE49-D0B3-449E-8184-DDE26A0F2E4D}"
EndProject
Global
	GlobalSection(SolutionConfigurationPlatforms) = preSolution
		Debug|Any CPU = Debug|Any CPU
		Release|Any CPU = Release|Any CPU
	EndGlobalSection
	GlobalSection(ProjectConfigurationPlatforms) = postSolution
		{F2AC4F6D-C0F9-4B9D-A295-08EFA0EEBAA9}.Debug|Any CPU.ActiveCfg = Debug|Any CPU
		{F2AC4F6D-C0F9-4B9D-A295-08EFA0EEBAA9}.Debug|Any CPU.Build.0 = Debug|Any CPU
		{F2AC4F6D-C0F9-4B9D-A295-08EFA0EEBAA9}.Release|Any CPU.ActiveCfg = Release|Any CPU
		{F2AC4F6D-C0F9-4B9D-A295-08EFA0EEBAA9}.Release|Any CPU.Build.0 = Release|Any CPU
		{14C1DE49-D0B3-449E-8184-DDE26A0F2E4D}.Debug|Any CPU.ActiveCfg = Debug|Any CPU
		{14C1DE49-D0B3-449E-8184-DDE26A0F2E4D}.Debug|Any CPU.Build.0 = Debug|Any CPU
		{14C1DE49-D0B3-449E-8184-DDE26A0F2E4D}.Release|Any CPU.ActiveCfg = Release|Any CPU
		{14C1DE49-D0B3-449E-8184-DDE26A0F2E4D}.Release|Any CPU.Build.0 = Release|Any CPU
	EndGlobalSection
	GlobalSection(SolutionProperties) = preSolution
		HideSolutionNode = FALSE
	EndGlobalSection
	GlobalSection(ExtensibilityGlobals) = postSolution
		SolutionGuid = {97FCD2A8-52C9-4C8F-9066-A7201DF9689F}
	EndGlobalSection
EndGlobal
